# THIS IS AN AUTOGENERATED FILE. DO NOT EDIT THIS FILE DIRECTLY.
# yarn lockfile v1


assemblyscript@^0.21.3:
  version "0.21.3"
  resolved "https://registry.yarnpkg.com/assemblyscript/-/assemblyscript-0.21.3.tgz#7cd8fa95b856a91391c739cf9b9a4b8c77588c3e"
  dependencies:
    binaryen "109.0.0-nightly.20220831"
    long "^5.2.0"

binaryen@109.0.0-nightly.20220831:
  version "109.0.0-nightly.20220831"
  resolved "https://registry.yarnpkg.com/binaryen/-/binaryen-109.0.0-nightly.20220831.tgz#d512918068c926e6fca8b32b1203b2d027aade4b"

long@^5.2.0:
  version "5.2.0"
  resolved "https://registry.yarnpkg.com/long/-/long-5.2.0.tgz#2696dadf4b4da2ce3f6f6b89186085d94d52fd61"
